
Microsoft Visual Studio Solution File, Format Version 12.00
# Visual Studio Version 17
VisualStudioVersion = 17.7.34024.191
MinimumVisualStudioVersion = 10.0.40219.1
Project("{FAE04EC0-301F-11D3-BF4B-00C04F79EFBC}") = "Schleifen_Verzweigung", "Schleifen_Verzweigung.csproj", "{D91A6666-857A-495F-84A8-22E34DFA7639}"
EndProject
Global
	GlobalSection(SolutionConfigurationPlatforms) = preSolution
		Debug|Any CPU = Debug|Any CPU
		Release|Any CPU = Release|Any CPU
	EndGlobalSection
	GlobalSection(ProjectConfigurationPlatforms) = postSolution
		{D91A6666-857A-495F-84A8-22E34DFA7639}.Debug|Any CPU.ActiveCfg = Debug|Any CPU
		{D91A6666-857A-495F-84A8-22E34DFA7639}.Debug|Any CPU.Build.0 = Debug|Any CPU
		{D91A6666-857A-495F-84A8-22E34DFA7639}.Release|Any CPU.ActiveCfg = Release|Any CPU
		{D91A6666-857A-495F-84A8-22E34DFA7639}.Release|Any CPU.Build.0 = Release|Any CPU
	EndGlobalSection
	GlobalSection(SolutionProperties) = preSolution
		HideSolutionNode = FALSE
	EndGlobalSection
	GlobalSection(ExtensibilityGlobals) = postSolution
		SolutionGuid = {772506BE-7FBF-46AD-B87A-A45E4D89B583}
	EndGlobalSection
EndGlobal
